
Microsoft Visual Studio Solution File, Format Version 12.00
# Visual Studio Version 17
VisualStudioVersion = 17.13.35931.197
MinimumVisualStudioVersion = 10.0.40219.1
Project("{FAE04EC0-301F-11D3-BF4B-00C04F79EFBC}") = "Hospital.Patients", "Hospital.Patients\Hospital.Patients.csproj", "{B4F824EB-C53E-400D-B960-8AC901022797}"
EndProject
Global
	GlobalSection(SolutionConfigurationPlatforms) = preSolution
		Debug|Any CPU = Debug|Any CPU
		Release|Any CPU = Release|Any CPU
	EndGlobalSection
	GlobalSection(ProjectConfigurationPlatforms) = postSolution
		{B4F824EB-C53E-400D-B960-8AC901022797}.Debug|Any CPU.ActiveCfg = Debug|Any CPU
		{B4F824EB-C53E-400D-B960-8AC901022797}.Debug|Any CPU.Build.0 = Debug|Any CPU
		{B4F824EB-C53E-400D-B960-8AC901022797}.Release|Any CPU.ActiveCfg = Release|Any CPU
		{B4F824EB-C53E-400D-B960-8AC901022797}.Release|Any CPU.Build.0 = Release|Any CPU
	EndGlobalSection
	GlobalSection(SolutionProperties) = preSolution
		HideSolutionNode = FALSE
	EndGlobalSection
	GlobalSection(ExtensibilityGlobals) = postSolution
		SolutionGuid = {BAB6782A-D781-4C1F-8550-E6840441CF88}
	EndGlobalSection
EndGlobal
